Microsoft Visual Studio Solution File, Format Version 12.00
# Visual Studio Version 17
VisualStudioVersion = 17.9.0
MinimumVisualStudioVersion = 10.0.40219.1
Project("{9A19103F-16F7-4668-BE54-9A1E7A4F7556}") = "Graphite.Core", "src\Graphite.Core\Graphite.Core.csproj", "{1B4A70E1-7A6B-4E52-9C1D-6C1F1A2B3C4D}"
EndProject
Project("{9A19103F-16F7-4668-BE54-9A1E7A4F7556}") = "Graphite.App", "src\Graphite.App\Graphite.App.csproj", "{2C5B81F2-8B7C-4F63-AD2E-7D2F2B3C4D5E}"
EndProject
Global
	GlobalSection(SolutionConfigurationPlatforms) = preSolution
		Debug|Any CPU = Debug|Any CPU
		Release|Any CPU = Release|Any CPU
	EndGlobalSection
	GlobalSection(ProjectConfigurationPlatforms) = postSolution
		{1B4A70E1-7A6B-4E52-9C1D-6C1F1A2B3C4D}.Debug|Any CPU.ActiveCfg = Debug|Any CPU
		{1B4A70E1-7A6B-4E52-9C1D-6C1F1A2B3C4D}.Debug|Any CPU.Build.0 = Debug|Any CPU
		{1B4A70E1-7A6B-4E52-9C1D-6C1F1A2B3C4D}.Release|Any CPU.ActiveCfg = Release|Any CPU
		{1B4A70E1-7A6B-4E52-9C1D-6C1F1A2B3C4D}.Release|Any CPU.Build.0 = Release|Any CPU
		{2C5B81F2-8B7C-4F63-AD2E-7D2F2B3C4D5E}.Debug|Any CPU.ActiveCfg = Debug|Any CPU
		{2C5B81F2-8B7C-4F63-AD2E-7D2F2B3C4D5E}.Debug|Any CPU.Build.0 = Debug|Any CPU
		{2C5B81F2-8B7C-4F63-AD2E-7D2F2B3C4D5E}.Release|Any CPU.ActiveCfg = Release|Any CPU
		{2C5B81F2-8B7C-4F63-AD2E-7D2F2B3C4D5E}.Release|Any CPU.Build.0 = Release|Any CPU
	EndGlobalSection
	GlobalSection(SolutionProperties) = preSolution
		HideSolutionNode = FALSE
	EndGlobalSection
EndGlobal
